{
  "requires": true,
  "lockfileVersion": 1,
  "dependencies": {
    "react-native-floating-action": {
      "version": "1.13.0",
      "resolved": "https://registry.npmjs.org/react-native-floating-action/-/react-native-floating-action-1.13.0.tgz",
      "integrity": "sha512-KqqaEO/nIdims+reWq1pPPDptKqEuG9N8Pt+FtnuVUr35HvyWfiwBf91o9ZMRuO2S+X9AKnq+xuy1iuQK77eQQ=="
    }
  }
}
